# This file was autogenerated by uv via the following command:
#    uv --cache-dir ../../.cache/uv export --frozen --no-dev --no-emit-project --output-file requirements.runtime.lock
aiosqlite==0.22.1 \
    --hash=sha256:043e0bd78d32888c0a9ca90fc788b38796843360c855a7262a532813133a0650 \
    --hash=sha256:21c002eb13823fad740196c5a2e9d8e62f6243bd9e7e4a1f87fb5e44ecb4fceb
    # via langgraph-checkpoint-sqlite
annotated-doc==0.0.5 \
    --hash=sha256:117bac03a25ede5df5440e855b32d556049ca169ead221505badf432fed4b101 \
    --hash=sha256:c7e58ce09192557605d8bbd92836d7e1d520ac9580096042c0bfd197efacf1bb
    # via fastapi
annotated-types==0.8.0 \
    --hash=sha256:13b2beaad985e05e2d6407ee4c4f35590b11f8d693a258a561055cac8f64cab7 \
    --hash=sha256:f072f4d804ea359e4eaf198b1af7a8b0943881a87f31bb764f8bf219bb9419e0
    # via pydantic
anyio==4.15.1 \
    --hash=sha256:6152fdbbf9a77fdec97731721bebf7c4c44f7c29b424b0065826173efc7ed101 \
    --hash=sha256:9f28306018cbd6d329e64a36d58256edff76dd996fe423bc957326e578b82a94
    # via
    #   httpx
    #   httpx2
    #   langsmith
    #   openai
    #   starlette
certifi==2026.7.22 \
    --hash=sha256:62f22742b58a1a33014a2b6b706588a8d7e2a88ae7bd1a6ebe8c992928483775 \
    --hash=sha256:741e2c3b351ddf169a738da9f2c048608ff7f2c5cc02f1ebc6b118bb090d5d55
    # via
    #   httpcore
    #   httpx
    #   requests
charset-normalizer==3.5.2 \
    --hash=sha256:01077390b03f7988f11d700a2194e69b119741a86b1a638b1db88891e3eced8e \
    --hash=sha256:01b0c0d2262a9e28e8484a278c7e1b5d650e3ac8cf2683d2967e25899f208bdf \
    --hash=sha256:0774bf9bf620249fee3e0b8b9fd3065de213be30f3aa94ce2494b3b638949e26 \
    --hash=sha256:0fed1d06615f022ee3b13caf5e8b180cfea32bb2c5aded8a9d44277afc040f93 \
    --hash=sha256:11a4d68a6ecda3292cb1e50239e111543ba5d709bb62a6b4ea1afcfa729d8875 \
    --hash=sha256:1c50fe28bbc2ced33386f298650d91218076c05420e6cbd790b913adc41659e7 \
    --hash=sha256:1db38f4c5496827c1a501846d64d14c3b80c7e6714e406cd7dc36a9899fa1011 \
    --hash=sha256:23851fb4e1b85ed3f6c2a27b777cdfe2e19fb5b38429a8faf38c7542b7665869 \
    --hash=sha256:2ce45c6627b22c47e390bc91a41c3d13032192e699fa0bea96e9671b373d69b0 \
    --hash=sha256:304d8e4d493af723536393eee0c689eb7813f4a474c8b479dee63f1fdd98f621 \
    --hash=sha256:355ad8011081dec5412240c087a9a0c9d4d5039f3ed11a3f13e18c2b29b56c51 \
    --hash=sha256:38a873987f3be698494da8b2e3085e29da02da7b633dce73e79c699a113d7bf0 \
    --hash=sha256:39de2a259fc954455c57274dc94c79d5842774e1247a016aff30bc0efed0f4ef \
    --hash=sha256:3d31298449090ab8d47b7b1b2a555ff73cac7ed438a08b7ac160980c7ebed649 \
    --hash=sha256:40ab6bffa02ae10a0581e6c198be7d2d8ca5c2a0c64e4ed3465d766df457573e \
    --hash=sha256:4275811936e2f06feff5e598fb42a1b7ae852da8e39605211892b56b81a34efd \
    --hash=sha256:5cde776b7cc66e4f6c99612cea4aa7269aa65863f7a15841b2c264f103822f4e \
    --hash=sha256:780fbe7cab297b81dad9fb8dc5eb003c0468ffb0d9e5f65068c53a34661a96bc \
    --hash=sha256:7e841fb9010836c992c9f12fcbd43a831de93a5f726fc1ccd8ca1d0268c5014c \
    --hash=sha256:838dcc90063569a0448120554591a1d6c4a4ffe11babf048908793154ab86ade \
    --hash=sha256:9b7f416ff0978e2f2249330527f0ad6fa02f4932e6199692d3b52da2048c19e4 \
    --hash=sha256:9cae88599c7219005d879f98e5ed53341e9a122af585e1091200358a3003d2a0 \
    --hash=sha256:9f56f72050826f63dcee7a7f55b0a77168cb3bfc553fd405e7f8f9ece75a4036 \
    --hash=sha256:a815775b6c38d4e0ff7bcffbeba67feded90202bb6a226b8dd35f1c855217413 \
    --hash=sha256:ae4f5fea5b8b8ccff88238cc8569303e5ee95efae67fa62922a311397a71f346 \
    --hash=sha256:b6b751274acb69d77b3323d6b7dbaa3c7fdfc1eb829b7eb61d262f32e1af9685 \
    --hash=sha256:b91363207bd9dc966a691e959bb47f64b30f7ac4b072be9968b366982f7db77c \
    --hash=sha256:d19fbd981a488e22cd04883659ca6b08f50b5974f9fd7c95655ef6a043e5893f \
    --hash=sha256:d6734d2ef8a50fbf8445c139477da401f50d62a0606bf00e20ec6d87773fefb1 \
    --hash=sha256:db19d07e2e0129e974a0e65d0064fc222a446cd5122c2fd4184d2af9fc734a9e \
    --hash=sha256:e2af3aad578aa6bd1384bcf4750fc285e5a9de53f40b7d41e5a0bf748edeb2b3 \
    --hash=sha256:ed2a239c0ea213acc1908150a3037257083c7c083128f1a4cec2ec4b97dca491 \
    --hash=sha256:ee21e28f0430bd6dc9086c6e525d5e818a44a5ad19720c8a0ef766792f3eb5e5 \
    --hash=sha256:f7d486c83842422badd511868fd8a9a20e9407ace71564b6af47ce7e60a336c1
    # via requests
click==8.5.0 \
    --hash=sha256:255bc9599cf7748b4b1a446ccc735421bd08a2ae529a8b88597d3de5664ee360 \
    --hash=sha256:ba0d2089de75ea0310e2dde03160e6ca10009947fb95a182f9b54021bb272e34
    # via uvicorn
colorama==0.4.6 ; sys_platform == 'win32' \
    --hash=sha256:08695f5cb7ed6e0531a20572697297273c47b8cae5a63ffc6d6ed5c201be6e44 \
    --hash=sha256:4f1d9991f5acc0ca119f9d443620b77f9d6b33703e51011c16baf57afb285fc6
    # via tqdm
distro==1.9.0 \
    --hash=sha256:2fa77c6fd8940f116ee1d6b94a2f90b13b5ea8d019b98bc8bafdcabcdd9bdbed \
    --hash=sha256:7bffd925d65168f85027d8da9af6bddab658135b840670a223589bc0c8ef02b2
    # via
    #   langsmith
    #   openai
fastapi==0.142.2 \
    --hash=sha256:06366626f2e70576367714d9ab2fe8472e6c8456dba69b399f9f797ab5e92570 \
    --hash=sha256:bd5f4d81f1e93a88bcd77caf4dfe3c2dbffc3805407a0007e9a114c18b3a670b
    # via chat-booking-mvp
h11==0.16.0 \
    --hash=sha256:4e35b956cf45792e4caa5885e69fba00bdbc6ffafbfa020300e549b208ee5ff1 \
    --hash=sha256:63cf8bbe7522de3bf65932fda1d9c2772064ffb3dae62d55932da54b31cb6c86
    # via
    #   httpcore
    #   httpcore2
    #   uvicorn
httpcore==1.0.9 \
    --hash=sha256:2d400746a40668fc9dec9810239072b40b4484b640a8c38fd654a024c7a1bf55 \
    --hash=sha256:6e34463af53fd2ab5d807f399a9b45ea31c3dfa2276f15a2c3f00afff6e176e8
    # via httpx
httpcore2==2.13.1 ; sys_platform != 'emscripten' \
    --hash=sha256:e0aa977abe17e69a3b820a24542a6fa88702676d83880b8d194dcd18408e5103 \
    --hash=sha256:e1e05d4f25f7d7d496bfb96748f6f4b67657b03da069b3a68c36069f3db73d0a
    # via httpx2
httpx==0.28.1 \
    --hash=sha256:75e98c5f16b0f35b567856f597f06ff2270a374470a5c2392242528e3e3e42fc \
    --hash=sha256:d909fcccc110f8c7faf814ca82a9a4d816bc5a6dbfea25d6591d6985b8ba59ad
    # via
    #   chat-booking-mvp
    #   langchain-core
    #   langgraph-sdk
    #   openai
httpx2==2.13.1 \
    --hash=sha256:6dff50fabc270ee5fd25d845d0b078ed20564579744d6d962850975996d2f9a4 \
    --hash=sha256:e48744a19e3af5ee48313d0ce5fe941d5422fae5705ea922a4aabf94d7800dfa
    # via langsmith
httpx2-jsfetch==1.0 ; sys_platform == 'emscripten' \
    --hash=sha256:70a0e3eabfef7cce5ad9c629f7d01ca05e418f586646f4ddf14782e4c1454c60 \
    --hash=sha256:cb916b707601e69a07721aabc8f3f6659be3a6893bc1ff5c6f9e02241df2da32
    # via httpx2
idna==3.20 \
    --hash=sha256:a7db850025b95ded1eae8a46181a1a6c56c92c96f0e2b005d9ff8dc0210cab44 \
    --hash=sha256:ab7ae7122974553370f0bdb919e1a960b2cd1bc1ef0276416d896db81c14582c
    # via
    #   anyio
    #   httpx
    #   httpx2
    #   requests
jiter==0.17.0 \
    --hash=sha256:03e432f226a453851079fb84cd17c6da9991eab723e28d716f14ae3d906e0c12 \
    --hash=sha256:362bb47423886d45a9f705d2d9d4008c6eedd4e41eb1bab4e96fb6daa06b33fd \
    --hash=sha256:36ee6e69027396664e59995b9a635a947a5304ee9837279584a0bb8145c8f6b8 \
    --hash=sha256:3e05f5adbf68c4bd11e1610f394034d984152988e84be6f8314235ce6f2139e5 \
    --hash=sha256:40d2c240f8f80b5b0f201b29f0ae129c81448c60c772227a41747b5e0026f6a2 \
    --hash=sha256:454c4997d73cc466c71fd565d91e603b0274e48ea0c6b0b7a7aee6967e4ceb7c \
    --hash=sha256:470e1b1e4c42f1ead2189166a299691871a2df5056c976e7fb96feafaf5f9d44 \
    --hash=sha256:5078ab00664307fab2019b522a93aeb191122789f085daf5fd9e362154021d4a \
    --hash=sha256:61aed66ee042b3b49ef85fdf75714234d055d89d8496ac1c6e47f89e7a30d5e4 \
    --hash=sha256:6eb6aedeb7352b8f3b6af9cbd67983840165c00428e63f1b420a85885128ea31 \
    --hash=sha256:73b64e69c4150748e020356d958af94bec33c70a0a93d665cfa8f6d580fe1a63 \
    --hash=sha256:76eb4a5c20e86f9f848286f167024890f2862258a965d254774deb7fc1545ca1 \
    --hash=sha256:8c21265b251d99bbb40080d178a8953e35601d3a1564e05c4de4c0d2ca616797 \
    --hash=sha256:9bd3caac219df476dd0cc3fe01d2f1581ed588906feac767abd9614c1c12f8b3 \
    --hash=sha256:bcc064f99183a9cbe7f26ed648c352031a74145cd61ed75d34632c73eb46a5a8 \
    --hash=sha256:d2c0bf24c72fd0491405dce5d40194f2070e9021ce648c1a1d46234b93d848ff \
    --hash=sha256:ebf918dfd6a74adc1b9ad71f63c4ab00902fcd3b7fd39f2e24d871db8d713b91 \
    --hash=sha256:f0bc7f684b65bcda9c20434267577db71bf9905ceddd32b60d1d93278d8c8d3a \
    --hash=sha256:f3d7f7b34114f7ddc6d72a8e882d49de636b35d9fd12b4d420d3c5729f6c9812
    # via openai
jsonpatch==1.33 \
    --hash=sha256:0ae28c0cd062bbd8b8ecc26d7d164fbbea9652a1a3693f3b956c1eae5145dade \
    --hash=sha256:9fcd4009c41e6d12348b4a0ff2563ba56a2923a7dfee731d004e212e1ee5030c
    # via langchain-core
jsonpointer==3.1.1 \
    --hash=sha256:0b801c7db33a904024f6004d526dcc53bbb8a4a0f4e32bfd10beadf60adf1900 \
    --hash=sha256:8ff8b95779d071ba472cf5bc913028df06031797532f08a7d5b602d8b2a488ca
    # via jsonpatch
langchain-core==1.6.6 \
    --hash=sha256:67616d984c085009be2c381c2efd330d32429a58aebab295b4f51b6573964511 \
    --hash=sha256:d9a71e312ab7443701238750e04a57aefc037c4f1ec82837c8a1609d9a14a9b1
    # via
    #   langgraph
    #   langgraph-checkpoint
    #   langgraph-prebuilt
    #   langgraph-sdk
langchain-protocol==0.0.19 \
    --hash=sha256:4cdf879a492a35980fd859ae792d3c65458ccaae504e183c9a10d7eac1f0720f \
    --hash=sha256:79d90a1425122ac87e8052e2ec054fbd09c3edbf341bdfb6397112a495c7bf8c
    # via
    #   langchain-core
    #   langgraph-sdk
langgraph==1.2.12 \
    --hash=sha256:5fae9fa4ce771e90f10ff19ce0d5aaef4b41d7632c713d769e89cbce1241a4b9 \
    --hash=sha256:95403af7b510de8d79164742f71daaf866c69ca804a8cb72bef2cc1fa1ab9813
    # via chat-booking-mvp
langgraph-checkpoint==4.2.0 \
    --hash=sha256:0547fd228935a0b758865de3a3d6d7a2537c308895d0f9ab092ce9151b5da942 \
    --hash=sha256:51a593b6bee684b0818e5d6e58e28ab340c6db7794575056ce7bd1b746a84ed7
    # via
    #   langgraph
    #   langgraph-checkpoint-sqlite
    #   langgraph-prebuilt
langgraph-checkpoint-sqlite==3.1.1 \
    --hash=sha256:6fcb20db4c37ef7aad52f29b539eb98c38e2dad6fab7c2446a2a9db24f37a70e \
    --hash=sha256:8505c54c94a658080525d7e6780fdd4e0c078ff2566b30d399c02cc9f9af1c63
    # via chat-booking-mvp
langgraph-prebuilt==1.1.0 \
    --hash=sha256:3c579cf6eed2d17f9c157c2d0fcaddcd8688524e7022d3b22b37a3bf4589d528 \
    --hash=sha256:51e311747d755b751d5c6b39b0c1446124d3a7643d2515017e6714b323508fc9
    # via langgraph
langgraph-sdk==0.4.5 \
    --hash=sha256:d49a98a2ee8e0c494b101a7caf8061c8b4b94d3ee5ada0ea2dbe50903a5487b1 \
    --hash=sha256:e03ef033a20d21288af496e9b6c08ae3afcc1b58dc5abcd37575bfd1a93045de
    # via langgraph
langsmith==0.14.2 \
    --hash=sha256:2df33ebe2ff20461b1f818895b8f15cbfd6e5b95be9d9e754ab3045cc6fe6f53 \
    --hash=sha256:9e3dda3df013514b919acf3b147fcecc1758b8ef04a764b6cb61052991617ee2
    # via langchain-core
openai==2.54.0 \
    --hash=sha256:89089789197ccdb87f173a03145ed1598d00795220c93e96cf712b1cbf5e5f2b \
    --hash=sha256:e3e6f8bc1ba30ddf381ace1a14340eed381cb984a1a59bd0f34b5be3b5d49cfa
    # via chat-booking-mvp
opentelemetry-api==1.45.0 \
    --hash=sha256:711ede81773c8025c2c03dac0450bc89f3d30aea6eabcc815c570d4e35a963f7 \
    --hash=sha256:80e068aba7cd56c8b58512d6a36f8d25cb1dfaa0c0a4cc1c938ccf9f362d9cb3
    # via fastapi
orjson==3.12.0 \
    --hash=sha256:010811c1b69773450a01cef97727a67b223242f350b77d4ca000e59a9ef2155a \
    --hash=sha256:1192a7021b6d071aaf909864f6e924d6a2675ca360485b972b8401749311750b \
    --hash=sha256:11edb4660a6680abee9788a3a9072208a2c96538cc1322bd79542065229d8e54 \
    --hash=sha256:2d3a9da945a4d96ae758fdaaca56742e6b73b6fd554c5d8876f252a6dad70b83 \
    --hash=sha256:532ff8cd4bd59a327a953a7dcde922c7fc25b85e29721bb8633265430d3a3873 \
    --hash=sha256:53c0c474a9d9aff9aebfc0c88de1f28f843d940e6e3a80729abdf6a20274356f \
    --hash=sha256:92ffc09e07233a6ab6d4e067f7841edcbcc134cb4812155cf171ea5255a421d7 \
    --hash=sha256:a6cf4b18e7de173f209f2084ffbd736dd72389a396326ee80a7022168be232e5 \
    --hash=sha256:aa3e43a6846e91d7bde3d5a9c66090fcd8744f569a9b6cffc5e1ca38f6a461c0 \
    --hash=sha256:ad29eece0c601737f2a60edc2752a84e7a0785df3efb62e3012834700a5afe0d \
    --hash=sha256:bf44e374aadde77b1f6109f1030be51433eb61984379852766b6f4e187db7b1e \
    --hash=sha256:d14203fb1aae2ad9b3d52f8a0e82aeb10197ef1c9bc61da7f358bd70b00123d5
    # via
    #   langgraph-sdk
    #   langsmith
ormsgpack==1.12.2 \
    --hash=sha256:0b39e629fd2e1c5b2f46f99778450b59454d1f901bc507963168985e79f09c5d \
    --hash=sha256:58d379d72b6c5e964851c77cfedfb386e474adee4fd39791c2c5d9efb53505cc \
    --hash=sha256:7a29d09b64b9694b588ff2f80e9826bdceb3a2b91523c5beae1fab27d5c940e7 \
    --hash=sha256:8463a3fc5f09832e67bdb0e2fda6d518dc4281b133166146a67f54c08496442e \
    --hash=sha256:944a2233640273bee67521795a73cf1e959538e0dfb7ac635505010455e53b33 \
    --hash=sha256:958dcb270d30a7cb633a45ee62b9444433fa571a752d2ca484efdac07480876e \
    --hash=sha256:d024b40828f1dde5654faebd0d824f9cc29ad46891f626272dd5bfd7af2333a4 \
    --hash=sha256:da538c542bac7d1c8f3f2a937863dba36f013108ce63e55745941dda4b75dbb6 \
    --hash=sha256:eddffb77eff0bad4e67547d67a130604e7e2dfbb7b0cde0796045be4090f35c6 \
    --hash=sha256:fcd55e5f6ba0dbce624942adf9f152062135f991a0126064889f68eb850de0dd
    # via langgraph-checkpoint
packaging==26.3 \
    --hash=sha256:94edc256424af38762eb31306eed28beb9f0efc50a8837492c9d6fd6004aed79 \
    --hash=sha256:d7193f7c8e4e93f444fde0262bf90af30e16fa0ad0ad44cb553c87339b23cd1c
    # via
    #   langchain-core
    #   langsmith
pydantic==2.13.5 \
    --hash=sha256:346a034f080da3755d8e9cb5e00e8b07de1d39e4f6e2c87d8ab7cafa0b269a73 \
    --hash=sha256:51a9c5f7b2f8e636f04c6cada605d9b6a3bf1348fdf945a3d8869b19bba0ee08
    # via
    #   chat-booking-mvp
    #   fastapi
    #   langchain-core
    #   langgraph
    #   langsmith
    #   openai
pydantic-core==2.46.5 \
    --hash=sha256:013d6f3483d81e02e7c328831808f336c8596ee33b4bd4026b9ffb1e960b8942 \
    --hash=sha256:0fc5be0abd4a407e200d844b404e33639a554e7bd0d448e7b9ae181be4789ac2 \
    --hash=sha256:10416c15b8839ecc4ef4d0885da76da6fd0f67333a0eb8aff6d93c4b8f2910fc \
    --hash=sha256:18a09e1e1011b462f2e32774f25859ef1223d5c2b0546a633cf56654710721e0 \
    --hash=sha256:2bc9419666990c06d7397831f2126a1ecc3594aaa3ff7de5bf2d066802f4e07b \
    --hash=sha256:347ec774390c87326a2e4929d58d3f7e8763a104d5d35f4cd595a4c952366433 \
    --hash=sha256:4fdc8b93a41521988916eeaa271173fcca7fa0803d62f87675aac8dcec1c8e29 \
    --hash=sha256:5cb482e9e84c851f4e623fe4acc1ced89168cf1fe18f7089db4548c8f5bbb65b \
    --hash=sha256:5e81740c09e310f5aa5cbd3e434a01c154d4bef93241c7877b39f211d2b78ba8 \
    --hash=sha256:816ff0a6550ffc06c098ccd2e0698600f9aa7da192a79eaa6f9af504a35db869 \
    --hash=sha256:8e24d8f05fa2d28513d94e877e9c75ad66175376209b3977f916e240e623193c \
    --hash=sha256:a39ac25a9a2fa4072efdb429833c4a4c8009a51ff9eea3eeae131713cd27991e \
    --hash=sha256:b98134087d9de723658d17a42c7d0da8d6e2ef08015dee7dc93889047315f5e4 \
    --hash=sha256:b9fe6fb92520e3fd61f2e49000b6911b188824f089b75973ea06d6267f0b476d \
    --hash=sha256:c7ea57fc63aa7da93a1bd2d644e6577befae10c52c4e36377635eea1056a74f5 \
    --hash=sha256:d925f3d9afd05a8c0fb3a1031463a8d59ebe5e2afad297e29c78be19e13b4e62 \
    --hash=sha256:e652ab17569c94bff5475520f907b7148b8c24036a8ebbe5cf7cf7493d28579a \
    --hash=sha256:e9c134bb666dd54b778b9fc0d2b50cbb7f979b9e3716f26a88c9ab3b6fc1dd0f \
    --hash=sha256:efd62a42486f1bda5d24cb4f63d15a3c7768375fe83d36f9417b4ad7a2fb20b3 \
    --hash=sha256:f7b0ec93a2893de856652154d73b7ba622f26fa97726487dcac373de5f4c6084
    # via pydantic
python-dotenv==1.2.4 \
    --hash=sha256:42269a8a5b3fd54ffa6f3d84b18abed50064717576b4ecf03dc4a55d8aa04fdc \
    --hash=sha256:f0d53e69935a851c0dcc78f3ab7aaccd8cabef0b92382b576b824212902873c0
    # via chat-booking-mvp
pyyaml==6.0.3 \
    --hash=sha256:41715c910c881bc081f1e8872880d3c650acf13dfa8214bad49ed4cede7c34ea \
    --hash=sha256:5fcd34e47f6e0b794d17de1b4ff496c00986e1c83f7ab2fb8fcfe9616ff7477b \
    --hash=sha256:5fdec68f91a0c6739b380c83b951e2c72ac0197ace422360e6d5a959d8d97b2c \
    --hash=sha256:64386e5e707d03a7e172c0701abfb7e10f0fb753ee1d773128192742712a98fd \
    --hash=sha256:7f047e29dcae44602496db43be01ad42fc6f1cc0d8cd6c83d342306c32270196 \
    --hash=sha256:8dc52c23056b9ddd46818a57b78404882310fb473d63f17b07d5c40421e47f8e \
    --hash=sha256:9149cad251584d5fb4981be1ecde53a1ca46c891a79788c0df828d2f166bda28 \
    --hash=sha256:96b533f0e99f6579b3d4d4995707cf36df9100d67e0c8303a0c55b27b5f99bc5 \
    --hash=sha256:ba1cc08a7ccde2d2ec775841541641e4548226580ab850948cbfda66a1befcdc \
    --hash=sha256:d76623373421df22fb4cf8817020cbb7ef15c725b9d5e45f17e189bfc384190f \
    --hash=sha256:fc09d0aa354569bc501d4e787133afc08552722d3ab34836a80547331bb5d4a0
    # via langchain-core
requests==2.34.2 \
    --hash=sha256:2a0d60c172f83ac6ab31e4554906c0f3b3588d37b5cb939b1c061f4907e278e0 \
    --hash=sha256:f288924cae4e29463698d6d60bc6a4da69c89185ad1e0bcc4104f584e960b9ed
    # via
    #   langsmith
    #   requests-toolbelt
requests-toolbelt==1.0.0 \
    --hash=sha256:7681a0a3d047012b5bdc0ee37d7f8f07ebe76ab08caeccfc3921ce23c88d5bc6 \
    --hash=sha256:cccfdd665f0a24fcf4726e690f65639d272bb0637b9b92dfd91a5568ccf6bd06
    # via langsmith
sniffio==1.3.1 \
    --hash=sha256:2f6da418d1f1e0fddd844478f41680e794e6051915791a034ff65e5f100525a2 \
    --hash=sha256:f4324edc670a0f49750a81b895f35c3adb843cca46f0530f79fc1babb23789dc
    # via
    #   langsmith
    #   openai
sqlite-vec==0.1.9 \
    --hash=sha256:1515727990b49e79bcaf75fdee2ffc7d461f8b66905013231251f1c8938e7786 \
    --hash=sha256:1b62a7f0a060d9475575d4e599bbf94a13d85af896bc1ce86ee80d1b5b48e5fb \
    --hash=sha256:1d52e30513bae4cc9778ddbf6145610434081be4c3afe57cd877893bad9f6b6c \
    --hash=sha256:4a28dc12fa4b53d7b1dced22da2488fade444e96b5d16fd2d698cd670675cf32 \
    --hash=sha256:4e921e592f24a5f9a18f590b6ddd530eb637e2d474e3b1972f9bbeb773aa3cb9
    # via langgraph-checkpoint-sqlite
starlette==1.7.0 \
    --hash=sha256:67f8e99895493dd2911a03f11314af6ceebeae4e704bb9f43dfc6a9db151c93e \
    --hash=sha256:c79f74ea63cff761804fbbfb182f1e0b440c2d07b164d24700c5a1bab5d6ff5d
    # via fastapi
tenacity==9.1.4 \
    --hash=sha256:6095a360c919085f28c6527de529e76a06ad89b23659fa881ae0649b867a9d55 \
    --hash=sha256:adb31d4c263f2bd041081ab33b498309a57c77f9acf2db65aadf0898179cf93a
    # via langchain-core
tqdm==4.70.1 \
    --hash=sha256:c293e525e6fef9c20e8728fd4612df02a0aa31bb5fe91ecd93e123b1b7bffa73 \
    --hash=sha256:cefd0eca11b2a37a3aee776544d4f4ae913f02688135b5556b8788dfa474afc4
    # via openai
truststore==0.10.4 ; sys_platform != 'emscripten' \
    --hash=sha256:9d91bd436463ad5e4ee4aba766628dd6cd7010cf3e2461756b3303710eebc301 \
    --hash=sha256:adaeaecf1cbb5f4de3b1959b42d41f6fab57b2b1666adb59e89cb0b53361d981
    # via
    #   httpcore2
    #   httpx2
typing-extensions==4.16.0 \
    --hash=sha256:481caa481374e813c1b176ada14e97f1f67a4539ce9cfeb3f350d78d6370c2e8 \
    --hash=sha256:dc983d19a509c94dba722ee6abd33940f7c05a89e243c47e907eb4db6f1a43e5
    # via
    #   anyio
    #   fastapi
    #   httpx2
    #   langchain-core
    #   langchain-protocol
    #   langsmith
    #   openai
    #   opentelemetry-api
    #   pydantic
    #   pydantic-core
    #   starlette
    #   typing-inspection
typing-inspection==0.4.4 \
    --hash=sha256:547274fa6b0a561ccf549cc9524b999a578e737d015d8709d021f9d0d13bea47 \
    --hash=sha256:65b8397ba37ccbce054456aaccddfc91e6e3083c92824df348d96ca832f3f147
    # via
    #   fastapi
    #   pydantic
tzdata==2026.4 \
    --hash=sha256:c2169a8b0a7a5e9674da5a135ccdfb2b3e671b333ed9fed17b41f73c34476e81 \
    --hash=sha256:f1b8bd365d8d210c55353f4d7f8d6d8561c0ba50d704b700d195a9424bba0d79
    # via chat-booking-mvp
urllib3==2.8.0 \
    --hash=sha256:0cf3cae568d36aa9576b28dfb35f11328f1cb974ca7647d9475ebb86c75ac6e3 \
    --hash=sha256:63bf2ead4c879426ebf22ef2a781eeb4aa3b4ae798a0435506f8687fd5bb9b63
    # via requests
uuid-utils==0.17.1 \
    --hash=sha256:10c51d54ecdf0617640e505eae6d2e6443d8e414d4f9d6e8d43949a450c56e6b \
    --hash=sha256:3ca89347a01ddac94727578369feacc0969d9fc033b2c17ff7919121ee441e2f \
    --hash=sha256:3d6ccaebaa3b2ff2e59d11d70c64e97ba572120162a00c25d6f8e5e0c1004b9a \
    --hash=sha256:4cdcb565ac4d8a005833e7c389867977e19670f1bee6ee9f8811872b86225274 \
    --hash=sha256:4f04ba62482858a975d1d38cbb5ade181faae59e8ddc1499eacc9b6b6def3115 \
    --hash=sha256:61378863a5e9410fa6e816364442b9d35cccf94fa83e3f67997d0ff57d901d0e \
    --hash=sha256:66ce3e84067261b2721dde6539427f4eb9286289769332ff07c859a661f87694 \
    --hash=sha256:71f7ec7a1b54c1f84d6f8fd4e1110a66b3d1b936dbb17cda2927442621fc1e3d \
    --hash=sha256:7558c84414785d6ea54a186a3c68267eb8f33e2a0d792698bd9fa50d62150f77 \
    --hash=sha256:7a93b046552730b843e9d8784691cf8b0b3d5430dd9d053ade33383ccb2574ff \
    --hash=sha256:7b296b67bf880085daa11ee496d385b941a3bf3e3d5691db7178d21f18f56f9b \
    --hash=sha256:a140db8866a45b1ce40d91164ff48d2722ffc3b2a39bfdb412bd770c7ea88be3 \
    --hash=sha256:a550b3963960012ff3266bdb3079abf4cc3f6363201e63a649d5d3cd44fe52cd \
    --hash=sha256:d0d847fb9b46b5c208f3b8d5ca6082a4ac819ec2ffe36de3548c489e8fa551bd \
    --hash=sha256:d45f93f362d39f63ba14bbd9e4e1dd89fbed4de9bbef6bb428a379bd86571da2
    # via
    #   langchain-core
    #   langsmith
uvicorn==0.54.0 \
    --hash=sha256:505bdb0f318731d45f1f712071fc781a8981f6847a31c902c9f5e652d4f67faf \
    --hash=sha256:a2e33cbfaa0306f8e6b0c13e0cb89d7d7a2da3e62b90c66e18c33d9807b28620
    # via chat-booking-mvp
websockets==16.1.1 \
    --hash=sha256:01fbdcbac298efe19360b94bc0039c8f746f0220ba570f327577bfee81059175 \
    --hash=sha256:0f62863e8a00a6d33c3d6566ec0b89f23787b747ffe0c3bc71ec0e76b82c94b1 \
    --hash=sha256:1d27fa8462ad6a1cb36206a3d0640b2333340def181fae11ed7f9adeaa5c0747 \
    --hash=sha256:1db4de4a0e95673f7545d393c49eeb0c2f18ac1ef93073218c79d5cdb2ee75ab \
    --hash=sha256:2a636ff1e7a5c4edf71ef0e79adae7f25dba93b4fcbe3dc958733477ffeb0eaf \
    --hash=sha256:2bb5d041a8307d2e18782e7ce777f6fdb1e8c2f5d09291484b18c294b789d9aa \
    --hash=sha256:42290eb6db4ccaca7012656738214f8514082fb6fa40cdeb61bb9a471b52e383 \
    --hash=sha256:4b57693728576d84ede0a77987ab16881b783d2cd9f1dc180a8fbbc3f79c4428 \
    --hash=sha256:53260c8930da5771cec89439bff99c20c8cb03ddb9588b980697355a83cd4bd3 \
    --hash=sha256:54509b8e92fee4453e152b7558ddef37ce9705a044922f2095a6105e3f80c96f \
    --hash=sha256:6abbd3e82c731c8e531714466acd5d87b5e88ac3243465337ba71d68e23ae7e3 \
    --hash=sha256:8087e82f842609734c9b5a1330464f8e94e346ba0e18c832c08bafa4b0d63c15 \
    --hash=sha256:b436f6ec4fc3a6b4237c84d3f83170ed2b40bb584222f0ac47a0c8a5921980c7 \
    --hash=sha256:cc97814dfb786a83b6e2dc2e79351e1b83e6d715647d6887fcabd83026417a00 \
    --hash=sha256:d6bec75c290fe484a8ba4cacdf838501e17c06ecfbbf31eede81a9e431bd7751 \
    --hash=sha256:db234eda965dcce15df96bb9709f587cd87d4d52aaf0e80e2f34ec04c7670c57 \
    --hash=sha256:e047dc87ef7ca50f4d309bf775ad4a71711c58556d75d7bd0604b2317f43e94b \
    --hash=sha256:f0aa4aad3b1b69ad3fd85a0fd0952ec64331c762bd77ec51cc814170873890b2 \
    --hash=sha256:f17dbe07eb3ea7f99e4df9b7e0efefe80fbf30d37a8cc4d561a0aed310bc8847
    # via
    #   langgraph-sdk
    #   langsmith
xxhash==4.0.1 \
    --hash=sha256:0163b5d259de23ae9e07b7eabf435ce4704f6f205589a2b154e6af4be985ce1b \
    --hash=sha256:06713a5aaf1d0905c5579416c020c02e42b3ceb931e86c7d3b7fb85403dee3f3 \
    --hash=sha256:1216f7ba5683f17a89eb7dcb4bc50a0b743dfe1902278d7b3d0786f538118433 \
    --hash=sha256:1642907941ee4b75aacc3db688af52ea02ca2305ab22af7ee686ed726b332684 \
    --hash=sha256:1ee523f51718e41753f04f7102bb4dc55a18d2ea5cbaceef8ec7ca08571bd428 \
    --hash=sha256:237b8f63a2a0fcfb1ffc06e21dad23add44e6d354b2b014364a1d41e419a4dee \
    --hash=sha256:31d86f9e81f3e84e00131ac7c54caf5119ae4ddd82c09c31cff597c813ce1ee2 \
    --hash=sha256:4a76345f5aceb4ec404918edf9c7f2b5507db864dc0d7455982009ac0890b57b \
    --hash=sha256:4af350bc3f329970c0e3a59af84a8a30998bf8a9167eb50cd48e59baaa1d7bec \
    --hash=sha256:515a822c73abbf6a0b7c70976d9662be342835c9d78b8dc7c023411f39c35dbc \
    --hash=sha256:5c2d525a3afabcd8e3549d85fc7e111fde6bc302d06a1893fe73adb79823415e \
    --hash=sha256:5f1ea31d61bcd2cd2f3ec4ca80a64187bbd7948f490b63cf0dcbc6e717b4c1e9 \
    --hash=sha256:7c343ee174d417a44d0c3355602c0cbbfa52a04d1bbbf1723378c7d2c8f60626 \
    --hash=sha256:81507a68ba84c55241fb61cce1469f473a5da4205fc8ef6f698e5948eea8dd88 \
    --hash=sha256:86b2b12bec60c678ed8f5cca0258ad93a8928ebddb6ca7732f0875afe1451d1a \
    --hash=sha256:8ba782ca3bf1e81492611152b9a0d5264971339e95e34d69de0ac2c926be496d \
    --hash=sha256:96d8de55029d42251945531f6aa7590c32b48163c66a43bf29d8657d7446a377 \
    --hash=sha256:c10b9206753b64aa791b35b201485477525b26fdec5bf86e8364c388a03e2592 \
    --hash=sha256:c6fc415b5568bd9accc7187f1729a99707330c0a67a8b9f93c1149ed573ed75d \
    --hash=sha256:d55bf4ef10eb09b8b6866790e083d26d087d84caa3cc0946ba87c3ca7ecaf7b7 \
    --hash=sha256:da0264844a09b538c894e5eff25313d941deb4dedec2131b98418a71a3c9944e \
    --hash=sha256:deca2a30d983d240b8375ec2ee0a4288e72042827fc61df2f7671f8467e4cb2f \
    --hash=sha256:e8cda075b10bb3917b002c74a04f9e02b7d13b5bf732571404d51c52b11c7329 \
    --hash=sha256:f3e1a44af01b6692de0ec6caba5f0bf93ceb36896e02b7fc00952c6ea7ef39e1 \
    --hash=sha256:f5d031f35962e5483a613214e61f09fe24ab523062c3646d592dc16c4a217451 \
    --hash=sha256:ff48915bf1871a1f19f74c11834c6329443d306cedc0c05fe7fe617810422a80
    # via
    #   langgraph
    #   langsmith
zstandard==0.25.0 \
    --hash=sha256:011d388c76b11a0c165374ce660ce2c8efa8e5d87f34996aa80f9c0816698b64 \
    --hash=sha256:10ef2a79ab8e2974e2075fb984e5b9806c64134810fac21576f0668e7ea19f8f \
    --hash=sha256:181eb40e0b6a29b3cd2849f825e0fa34397f649170673d385f3598ae17cca2e9 \
    --hash=sha256:1869da9571d5e94a85a5e8d57e4e8807b175c9e4a6294e3b66fa4efb074d90f6 \
    --hash=sha256:23ebc8f17a03133b4426bcc04aabd68f8236eb78c3760f12783385171b0fd8bd \
    --hash=sha256:474d2596a2dbc241a556e965fb76002c1ce655445e4e3bf38e5477d413165ffa \
    --hash=sha256:5a56ba0db2d244117ed744dfa8f6f5b366e14148e00de44723413b2f3938a902 \
    --hash=sha256:6a573a35693e03cf1d67799fd01b50ff578515a8aeadd4595d2a7fa9f3ec002a \
    --hash=sha256:6dffecc361d079bb48d7caef5d673c88c8988d3d33fb74ab95b7ee6da42652ea \
    --hash=sha256:7149623bba7fdf7e7f24312953bcf73cae103db8cae49f8154dd1eadc8a29ecb \
    --hash=sha256:7713e1179d162cf5c7906da876ec2ccb9c3a9dcbdffef0cc7f70c3667a205f0b \
    --hash=sha256:7b3c3a3ab9daa3eed242d6ecceead93aebbb8f5f84318d82cee643e019c4b73b \
    --hash=sha256:809c5bcb2c67cd0ed81e9229d227d4ca28f82d0f778fc5fea624a9def3963f91 \
    --hash=sha256:913cbd31a400febff93b564a23e17c3ed2d56c064006f54efec210d586171c00 \
    --hash=sha256:99c0c846e6e61718715a3c9437ccc625de26593fea60189567f0118dc9db7512 \
    --hash=sha256:aaf21ba8fb76d102b696781bddaa0954b782536446083ae3fdaa6f16b25a1c4b \
    --hash=sha256:f27662e4f7dbf9f9c12391cb37b4c4c3cb90ffbd3b1fb9284dadbbb8935fa708 \
    --hash=sha256:ffef5a74088f1e09947aecf91011136665152e0b4b359c42be3373897fb39b01
    # via langsmith
